{
  "name": "sudoku-worker",
  "lockfileVersion": 3,
  "requires": true,
  "packages": {
    "": {
      "name": "sudoku-worker",
      "dependencies": {
        "webpush-edge": "github:mishra69/webpush-edge"
      }
    },
    "node_modules/webpush-edge": {
      "version": "1.0.0",
      "resolved": "git+ssh://git@github.com/mishra69/webpush-edge.git#8ede19d4abea45cbd93db690d71e2ad8fd1e6c73",
      "license": "MIT",
      "bin": {
        "webpush-edge-vapid": "bin/gen-vapid.mjs"
      },
      "engines": {
        "node": ">=18"
      }
    }
  }
}
